{
  "name": "generated-theme",
  "version": "0.0.1",
  "lockfileVersion": 1,
  "requires": true,
  "dependencies": {
    "@types/node": {
      "version": "7.10.5",
      "resolved": "https://registry.npmjs.org/@types/node/-/node-7.10.5.tgz",
      "integrity": "sha512-RYkagUUbxQBss46ElbEa+j4q4X3GR12QwB7a/PM5hmVuVkYoW1jENT1+taspKUv8ibwW8cw+kRFbOaTc/Key3w==",
      "dev": true
    },
    "typescript": {
      "version": "2.9.2",
      "resolved": "https://registry.npmjs.org/typescript/-/typescript-2.9.2.tgz",
      "integrity": "sha512-Gr4p6nFNaoufRIY4NMdpQRNmgxVIGMs4Fcu/ujdYk3nAZqk7supzBE9idmvfZIlH/Cuj//dvi+019qEue9lV0w==",
      "dev": true
    },
    "vscode-theme-generator": {
      "version": "0.0.21",
      "resolved": "https://registry.npmjs.org/vscode-theme-generator/-/vscode-theme-generator-0.0.21.tgz",
      "integrity": "sha512-kP4+Npk5RuZJEoII/uH1B2ZtAJJQSwAgPEK7cVHCJ1oA84E//OsCd1VeX/6Ye519Ty8Z0iJf2RlOP0HHzAKe1w==",
      "dev": true
    }
  }
}
